
Microsoft Visual Studio Solution File, Format Version 12.00
# Visual Studio Version 17
VisualStudioVersion = 17.6.33815.320
MinimumVisualStudioVersion = 10.0.40219.1
Project("{FAE04EC0-301F-11D3-BF4B-00C04F79EFBC}") = "HeroChallenge", "HeroChallenge\HeroChallenge.csproj", "{C9D657AE-A8DB-4B99-9038-ACE7E2580E94}"
EndProject
Global
	GlobalSection(SolutionConfigurationPlatforms) = preSolution
		Debug|Any CPU = Debug|Any CPU
		Release|Any CPU = Release|Any CPU
	EndGlobalSection
	GlobalSection(ProjectConfigurationPlatforms) = postSolution
		{C9D657AE-A8DB-4B99-9038-ACE7E2580E94}.Debug|Any CPU.ActiveCfg = Debug|Any CPU
		{C9D657AE-A8DB-4B99-9038-ACE7E2580E94}.Debug|Any CPU.Build.0 = Debug|Any CPU
		{C9D657AE-A8DB-4B99-9038-ACE7E2580E94}.Release|Any CPU.ActiveCfg = Release|Any CPU
		{C9D657AE-A8DB-4B99-9038-ACE7E2580E94}.Release|Any CPU.Build.0 = Release|Any CPU
	EndGlobalSection
	GlobalSection(SolutionProperties) = preSolution
		HideSolutionNode = FALSE
	EndGlobalSection
	GlobalSection(ExtensibilityGlobals) = postSolution
		SolutionGuid = {D65B692E-39B4-48E5-920F-44D7DC6FB71F}
	EndGlobalSection
EndGlobal
